
Microsoft Visual Studio Solution File, Format Version 12.00
# Visual Studio Version 17
VisualStudioVersion = 17.14.36414.22 d17.14
MinimumVisualStudioVersion = 10.0.40219.1
Project("{FAE04EC0-301F-11D3-BF4B-00C04F79EFBC}") = "PROG2111_FinalPhase5", "PROG2111_FinalPhase5\PROG2111_FinalPhase5.csproj", "{BE69FFD7-7A5B-42FB-BA30-79AC23328193}"
EndProject
Global
	GlobalSection(SolutionConfigurationPlatforms) = preSolution
		Debug|Any CPU = Debug|Any CPU
		Release|Any CPU = Release|Any CPU
	EndGlobalSection
	GlobalSection(ProjectConfigurationPlatforms) = postSolution
		{BE69FFD7-7A5B-42FB-BA30-79AC23328193}.Debug|Any CPU.ActiveCfg = Debug|Any CPU
		{BE69FFD7-7A5B-42FB-BA30-79AC23328193}.Debug|Any CPU.Build.0 = Debug|Any CPU
		{BE69FFD7-7A5B-42FB-BA30-79AC23328193}.Release|Any CPU.ActiveCfg = Release|Any CPU
		{BE69FFD7-7A5B-42FB-BA30-79AC23328193}.Release|Any CPU.Build.0 = Release|Any CPU
	EndGlobalSection
	GlobalSection(SolutionProperties) = preSolution
		HideSolutionNode = FALSE
	EndGlobalSection
	GlobalSection(ExtensibilityGlobals) = postSolution
		SolutionGuid = {16E7D8C6-343A-40DF-993D-EBA8FF9E7B3C}
	EndGlobalSection
EndGlobal
